
Microsoft Visual Studio Solution File, Format Version 12.00
# Visual Studio 2013
VisualStudioVersion = 12.0.30626.0
MinimumVisualStudioVersion = 10.0.40219.1
Project("{FAE04EC0-301F-11D3-BF4B-00C04F79EFBC}") = "wl-indisstyle", "wl-indisstyle\wl-indisstyle.csproj", "{6B15E489-F4DA-42C1-8050-62EA57BEC695}"
EndProject
Global
	GlobalSection(SolutionConfigurationPlatforms) = preSolution
		Debug|Any CPU = Debug|Any CPU
		Release|Any CPU = Release|Any CPU
	EndGlobalSection
	GlobalSection(ProjectConfigurationPlatforms) = postSolution
		{6B15E489-F4DA-42C1-8050-62EA57BEC695}.Debug|Any CPU.ActiveCfg = Debug|Any CPU
		{6B15E489-F4DA-42C1-8050-62EA57BEC695}.Debug|Any CPU.Build.0 = Debug|Any CPU
		{6B15E489-F4DA-42C1-8050-62EA57BEC695}.Release|Any CPU.ActiveCfg = Release|Any CPU
		{6B15E489-F4DA-42C1-8050-62EA57BEC695}.Release|Any CPU.Build.0 = Release|Any CPU
	EndGlobalSection
	GlobalSection(SolutionProperties) = preSolution
		HideSolutionNode = FALSE
	EndGlobalSection
EndGlobal
